{
    "_meta": {
        "hash": {
            "sha256": "ae979ab8cf889205774723e14643c33dbb8b2c6e5d7053635635462a8cef29d6"
        },
        "pipfile-spec": 6,
        "requires": {
            "python_version": "3.9"
        },
        "sources": [
            {
                "name": "pypi",
                "url": "https://pypi.org/simple",
                "verify_ssl": true
            }
        ]
    },
    "default": {
        "lz4": {
            "hashes": [
                "sha256:04067086a443eef46eb2dfc26e1e5a76165149ceb4a88f0b540b46ead95e39c8",
                "sha256:19e939cd1e5d1776ca8f431c18c10a59970cf98caceeaa6edc98fdcf58499f29",
                "sha256:1ef9b03386757546f962e0598ac1d863960018dd9c04ec207059d3eb52bba12b",
                "sha256:2428f5525c214d8cca332a96a2561415fd1261be2372b68b32a1aa40b9c9000f",
                "sha256:26e4e7f88757c31e5240016b863f37ad79fc2898be272a6d78f267963c1b094b",
                "sha256:2e1fa0dba94a7dece5d0fe109e317242c28f09e1ad488b8db692fcafb094db79",
                "sha256:3221e9a46d343175cefe932b0e812f2ecd3de70c7d036b951488d664587bee4a",
                "sha256:463814c29f1201ef876c031ad32a185adee807ae201c228b28d65f17b203ee11",
                "sha256:4bf2880cae9a5255f86698f60af635f184e49d5f6878a7e0520b6cfcdb0a0d50",
                "sha256:4d96e913877b687bb8e8c6f8a90ce1e2a9a5c5268d9bab489f49bd3ce9ae8afa",
                "sha256:5721ec225a37794fbaabcfa5cf2289ebb4b9e770e73e4e779d514c1fc784df5b",
                "sha256:57c5dfd3b7dae833b0d2b2c1aafd7f9d0dfcab40683d183d010c67c9fd1beca3",
                "sha256:6a4c004e664d8185e2bfeffb90e1bfe554a0cd1a764662648b528e37220822cb",
                "sha256:6c9acd054426840de2e4bbf83321945c3a20e90402ad221f4302e983f8031e14",
                "sha256:79246da3207b9eb4e53b3bed86189a60631e74f9b3d2579918b032fb1c7b114b",
                "sha256:7ec46449892159c869c88848ee2c9b3b5170d193ba79524732334e7bbc39639c",
                "sha256:a4afc2c12c37896e5ac7c5343f255cc242962ed7af940f6ef5276cc5c22e81fd",
                "sha256:afc6bebfcbc48873854c05366b35a69b9c4e440ce17571ade032941cb89585ac",
                "sha256:b83fce61cec36cdc21d234524d60a96d70f1a928533228eae6f46a9de21dc218",
                "sha256:e05542c6cbdb1128c43cfefd7518e231b39329d212b19ab89fd3868596140bdf",
                "sha256:f69405f196c6fb38b94ac6000baa59c0364a1ac264e64194bb2fc48513df79ad"
            ],
            "index": "pypi",
            "version": "==4.0.0"
        }
    },
    "develop": {}
}
